
Microsoft Visual Studio Solution File, Format Version 12.00
# Visual Studio Version 17
VisualStudioVersion = 17.14.36623.8 d17.14
MinimumVisualStudioVersion = 10.0.40219.1
Project("{FAE04EC0-301F-11D3-BF4B-00C04F79EFBC}") = "DiLifetimesDemo", "DiLifetimesDemo\DiLifetimesDemo.csproj", "{6C27F911-3491-42CE-8E65-93542474808C}"
EndProject
Global
	GlobalSection(SolutionConfigurationPlatforms) = preSolution
		Debug|Any CPU = Debug|Any CPU
		Release|Any CPU = Release|Any CPU
	EndGlobalSection
	GlobalSection(ProjectConfigurationPlatforms) = postSolution
		{6C27F911-3491-42CE-8E65-93542474808C}.Debug|Any CPU.ActiveCfg = Debug|Any CPU
		{6C27F911-3491-42CE-8E65-93542474808C}.Debug|Any CPU.Build.0 = Debug|Any CPU
		{6C27F911-3491-42CE-8E65-93542474808C}.Release|Any CPU.ActiveCfg = Release|Any CPU
		{6C27F911-3491-42CE-8E65-93542474808C}.Release|Any CPU.Build.0 = Release|Any CPU
	EndGlobalSection
	GlobalSection(SolutionProperties) = preSolution
		HideSolutionNode = FALSE
	EndGlobalSection
	GlobalSection(ExtensibilityGlobals) = postSolution
		SolutionGuid = {B627E745-97E6-4EA8-A976-2E4D5AB7A6A7}
	EndGlobalSection
EndGlobal
